
Microsoft Visual Studio Solution File, Format Version 12.00
# Visual Studio 15
VisualStudioVersion = 15.0.26403.7
MinimumVisualStudioVersion = 10.0.40219.1
Project("{FAE04EC0-301F-11D3-BF4B-00C04F79EFBC}") = "PS.Common", "Reference_Projects\PS.Common\PS.Common.csproj", "{780FCFD2-9949-4344-AB0D-DA559D56CEA3}"
EndProject
Project("{FAE04EC0-301F-11D3-BF4B-00C04F79EFBC}") = "PS.BLL", "Reference_Projects\PS.BLL\PS.BLL.csproj", "{FC886F88-03FA-417B-AC44-210C914ABC15}"
EndProject
Project("{FAE04EC0-301F-11D3-BF4B-00C04F79EFBC}") = "PS.DAL.MySql", "Reference_Projects\PS.DAL.MySql\PS.DAL.MySql.csproj", "{2F1573EF-2059-42FB-A0FF-531DB4658488}"
	ProjectSection(ProjectDependencies) = postProject
		{9EDA7A91-792D-48B1-A518-3DF101AB3FE9} = {9EDA7A91-792D-48B1-A518-3DF101AB3FE9}
	EndProjectSection
EndProject
Project("{2150E333-8FDC-42A3-9474-1A3956D46DE8}") = "Reference_Projects", "Reference_Projects", "{190CD42F-9A2F-4C87-A93B-3C742ED1922F}"
EndProject
Project("{FAE04EC0-301F-11D3-BF4B-00C04F79EFBC}") = "testPrj", "Reference_Projects\testPrj\testPrj.csproj", "{97C3DE98-F304-48A2-A48B-50927D994D46}"
EndProject
Project("{FAE04EC0-301F-11D3-BF4B-00C04F79EFBC}") = "PS.Reflow", "Reference_Projects\PS.Reflow\PS.Reflow.csproj", "{5C20A594-B28B-40C9-851A-A59447AEF704}"
EndProject
Project("{FAE04EC0-301F-11D3-BF4B-00C04F79EFBC}") = "MySql.Data", "Reference_Projects\MySql\Source\MySql.Data\MySql.Data.csproj", "{E9DF5ED1-4CBD-4226-B931-9A51610AC14D}"
EndProject
Project("{E24C65DC-7377-472B-9ABA-BC803B73C61A}") = "PS.Web.Release", "http://localhost:12050", "{616D8FC2-9804-4E1F-AD62-A4357143550E}"
	ProjectSection(WebsiteProperties) = preProject
		UseIISExpress = "true"
		TargetFrameworkMoniker = ".NETFramework,Version%3Dv4.0"
		ProjectReferences = "{fc886f88-03fa-417b-ac44-210c914abc15}|PS.BLL.dll;{E9DF5ED1-4CBD-4226-B931-9A51610AC14D}|MySql.Data.dll;{780FCFD2-9949-4344-AB0D-DA559D56CEA3}|PS.Common.dll;{2f1573ef-2059-42fb-a0ff-531db4658488}|PS.DAL.MySql.dll;{5c20a594-b28b-40c9-851a-a59447aef704}|PS.Reflow.dll;{b82b6978-6fed-4232-a6da-4c49ced2d739}|PS.DAL.SqlServer.dll;"
		Debug.AspNetCompiler.VirtualPath = "/localhost_12050"
		Debug.AspNetCompiler.PhysicalPath = "PS.Web.Release\"
		Debug.AspNetCompiler.TargetPath = "PrecompiledWeb\localhost_12050\"
		Debug.AspNetCompiler.Updateable = "true"
		Debug.AspNetCompiler.ForceOverwrite = "true"
		Debug.AspNetCompiler.FixedNames = "false"
		Debug.AspNetCompiler.Debug = "True"
		Release.AspNetCompiler.VirtualPath = "/localhost_12050"
		Release.AspNetCompiler.PhysicalPath = "PS.Web.Release\"
		Release.AspNetCompiler.TargetPath = "PrecompiledWeb\localhost_12050\"
		Release.AspNetCompiler.Updateable = "true"
		Release.AspNetCompiler.ForceOverwrite = "true"
		Release.AspNetCompiler.FixedNames = "false"
		Release.AspNetCompiler.Debug = "False"
		SlnRelativePath = "PS.Web.Release\"
	EndProjectSection
EndProject
Project("{FAE04EC0-301F-11D3-BF4B-00C04F79EFBC}") = "PS.DAL.SqlServer", "Reference_Projects\PS.DAL.SqlServer\PS.DAL.SqlServer.csproj", "{B82B6978-6FED-4232-A6DA-4C49CED2D739}"
	ProjectSection(ProjectDependencies) = postProject
		{9EDA7A91-792D-48B1-A518-3DF101AB3FE9} = {9EDA7A91-792D-48B1-A518-3DF101AB3FE9}
	EndProjectSection
EndProject
Project("{FAE04EC0-301F-11D3-BF4B-00C04F79EFBC}") = "AutoSolder.BLL", "Reference_Projects\AutoSolder.BLL\AutoSolder.BLL.csproj", "{FA9CFABE-7B4F-4F9A-B274-E6BBB60C850B}"
EndProject
Project("{FAE04EC0-301F-11D3-BF4B-00C04F79EFBC}") = "AutoSolder.DAL", "Reference_Projects\AutoSolder.DAL\AutoSolder.DAL.csproj", "{9EDA7A91-792D-48B1-A518-3DF101AB3FE9}"
EndProject
Project("{FAE04EC0-301F-11D3-BF4B-00C04F79EFBC}") = "AutoSolder.Model", "Reference_Projects\AutoSolder.Model\AutoSolder.Model.csproj", "{54EE4617-7585-4612-BF97-C59A5774B038}"
EndProject
Project("{FAE04EC0-301F-11D3-BF4B-00C04F79EFBC}") = "ReflowerTester", "Reference_Projects\ReflowerTester\ReflowerTester.csproj", "{D180E566-E98B-412B-BD2E-C16823B2A9FB}"
EndProject
Project("{FAE04EC0-301F-11D3-BF4B-00C04F79EFBC}") = "ReflowerTester.BLL", "Reference_Projects\ReflowerTester.BLL\ReflowerTester.BLL.csproj", "{370493D6-D873-4E74-924C-2546116642DA}"
EndProject
Project("{FAE04EC0-301F-11D3-BF4B-00C04F79EFBC}") = "ReflowerTester.Model", "Reference_Projects\ReflowerTester.Model\ReflowerTester.Model.csproj", "{29B8E61F-4F92-400A-B6D0-3796D6E8377B}"
EndProject
Global
	GlobalSection(SolutionConfigurationPlatforms) = preSolution
		Debug|Any CPU = Debug|Any CPU
		Debug|x86 = Debug|x86
		Release|Any CPU = Release|Any CPU
		Release|x86 = Release|x86
		ReleaseNET40_Only|Any CPU = ReleaseNET40_Only|Any CPU
		ReleaseNET40_Only|x86 = ReleaseNET40_Only|x86
	EndGlobalSection
	GlobalSection(ProjectConfigurationPlatforms) = postSolution
		{780FCFD2-9949-4344-AB0D-DA559D56CEA3}.Debug|Any CPU.ActiveCfg = Debug|Any CPU
		{780FCFD2-9949-4344-AB0D-DA559D56CEA3}.Debug|Any CPU.Build.0 = Debug|Any CPU
		{780FCFD2-9949-4344-AB0D-DA559D56CEA3}.Debug|x86.ActiveCfg = Debug|Any CPU
		{780FCFD2-9949-4344-AB0D-DA559D56CEA3}.Debug|x86.Build.0 = Debug|Any CPU
		{780FCFD2-9949-4344-AB0D-DA559D56CEA3}.Release|Any CPU.ActiveCfg = Release|Any CPU
		{780FCFD2-9949-4344-AB0D-DA559D56CEA3}.Release|Any CPU.Build.0 = Release|Any CPU
		{780FCFD2-9949-4344-AB0D-DA559D56CEA3}.Release|x86.ActiveCfg = Release|Any CPU
		{780FCFD2-9949-4344-AB0D-DA559D56CEA3}.Release|x86.Build.0 = Release|Any CPU
		{780FCFD2-9949-4344-AB0D-DA559D56CEA3}.ReleaseNET40_Only|Any CPU.ActiveCfg = Release|Any CPU
		{780FCFD2-9949-4344-AB0D-DA559D56CEA3}.ReleaseNET40_Only|Any CPU.Build.0 = Release|Any CPU
		{780FCFD2-9949-4344-AB0D-DA559D56CEA3}.ReleaseNET40_Only|x86.ActiveCfg = Release|Any CPU
		{780FCFD2-9949-4344-AB0D-DA559D56CEA3}.ReleaseNET40_Only|x86.Build.0 = Release|Any CPU
		{FC886F88-03FA-417B-AC44-210C914ABC15}.Debug|Any CPU.ActiveCfg = Debug|Any CPU
		{FC886F88-03FA-417B-AC44-210C914ABC15}.Debug|Any CPU.Build.0 = Debug|Any CPU
		{FC886F88-03FA-417B-AC44-210C914ABC15}.Debug|x86.ActiveCfg = Debug|Any CPU
		{FC886F88-03FA-417B-AC44-210C914ABC15}.Debug|x86.Build.0 = Debug|Any CPU
		{FC886F88-03FA-417B-AC44-210C914ABC15}.Release|Any CPU.ActiveCfg = Release|Any CPU
		{FC886F88-03FA-417B-AC44-210C914ABC15}.Release|Any CPU.Build.0 = Release|Any CPU
		{FC886F88-03FA-417B-AC44-210C914ABC15}.Release|x86.ActiveCfg = Release|Any CPU
		{FC886F88-03FA-417B-AC44-210C914ABC15}.Release|x86.Build.0 = Release|Any CPU
		{FC886F88-03FA-417B-AC44-210C914ABC15}.ReleaseNET40_Only|Any CPU.ActiveCfg = Release|Any CPU
		{FC886F88-03FA-417B-AC44-210C914ABC15}.ReleaseNET40_Only|Any CPU.Build.0 = Release|Any CPU
		{FC886F88-03FA-417B-AC44-210C914ABC15}.ReleaseNET40_Only|x86.ActiveCfg = Release|Any CPU
		{FC886F88-03FA-417B-AC44-210C914ABC15}.ReleaseNET40_Only|x86.Build.0 = Release|Any CPU
		{2F1573EF-2059-42FB-A0FF-531DB4658488}.Debug|Any CPU.ActiveCfg = Debug|Any CPU
		{2F1573EF-2059-42FB-A0FF-531DB4658488}.Debug|Any CPU.Build.0 = Debug|Any CPU
		{2F1573EF-2059-42FB-A0FF-531DB4658488}.Debug|x86.ActiveCfg = Debug|Any CPU
		{2F1573EF-2059-42FB-A0FF-531DB4658488}.Debug|x86.Build.0 = Debug|Any CPU
		{2F1573EF-2059-42FB-A0FF-531DB4658488}.Release|Any CPU.ActiveCfg = Release|Any CPU
		{2F1573EF-2059-42FB-A0FF-531DB4658488}.Release|Any CPU.Build.0 = Release|Any CPU
		{2F1573EF-2059-42FB-A0FF-531DB4658488}.Release|x86.ActiveCfg = Release|Any CPU
		{2F1573EF-2059-42FB-A0FF-531DB4658488}.Release|x86.Build.0 = Release|Any CPU
		{2F1573EF-2059-42FB-A0FF-531DB4658488}.ReleaseNET40_Only|Any CPU.ActiveCfg = Release|Any CPU
		{2F1573EF-2059-42FB-A0FF-531DB4658488}.ReleaseNET40_Only|Any CPU.Build.0 = Release|Any CPU
		{2F1573EF-2059-42FB-A0FF-531DB4658488}.ReleaseNET40_Only|x86.ActiveCfg = Release|Any CPU
		{2F1573EF-2059-42FB-A0FF-531DB4658488}.ReleaseNET40_Only|x86.Build.0 = Release|Any CPU
		{97C3DE98-F304-48A2-A48B-50927D994D46}.Debug|Any CPU.ActiveCfg = Debug|Any CPU
		{97C3DE98-F304-48A2-A48B-50927D994D46}.Debug|Any CPU.Build.0 = Debug|Any CPU
		{97C3DE98-F304-48A2-A48B-50927D994D46}.Debug|x86.ActiveCfg = Debug|Any CPU
		{97C3DE98-F304-48A2-A48B-50927D994D46}.Debug|x86.Build.0 = Debug|Any CPU
		{97C3DE98-F304-48A2-A48B-50927D994D46}.Release|Any CPU.ActiveCfg = Release|Any CPU
		{97C3DE98-F304-48A2-A48B-50927D994D46}.Release|Any CPU.Build.0 = Release|Any CPU
		{97C3DE98-F304-48A2-A48B-50927D994D46}.Release|x86.ActiveCfg = Release|Any CPU
		{97C3DE98-F304-48A2-A48B-50927D994D46}.Release|x86.Build.0 = Release|Any CPU
		{97C3DE98-F304-48A2-A48B-50927D994D46}.ReleaseNET40_Only|Any CPU.ActiveCfg = Release|Any CPU
		{97C3DE98-F304-48A2-A48B-50927D994D46}.ReleaseNET40_Only|Any CPU.Build.0 = Release|Any CPU
		{97C3DE98-F304-48A2-A48B-50927D994D46}.ReleaseNET40_Only|x86.ActiveCfg = Release|Any CPU
		{97C3DE98-F304-48A2-A48B-50927D994D46}.ReleaseNET40_Only|x86.Build.0 = Release|Any CPU
		{5C20A594-B28B-40C9-851A-A59447AEF704}.Debug|Any CPU.ActiveCfg = Debug|Any CPU
		{5C20A594-B28B-40C9-851A-A59447AEF704}.Debug|Any CPU.Build.0 = Debug|Any CPU
		{5C20A594-B28B-40C9-851A-A59447AEF704}.Debug|x86.ActiveCfg = Debug|Any CPU
		{5C20A594-B28B-40C9-851A-A59447AEF704}.Debug|x86.Build.0 = Debug|Any CPU
		{5C20A594-B28B-40C9-851A-A59447AEF704}.Release|Any CPU.ActiveCfg = Release|Any CPU
		{5C20A594-B28B-40C9-851A-A59447AEF704}.Release|Any CPU.Build.0 = Release|Any CPU
		{5C20A594-B28B-40C9-851A-A59447AEF704}.Release|x86.ActiveCfg = Release|Any CPU
		{5C20A594-B28B-40C9-851A-A59447AEF704}.Release|x86.Build.0 = Release|Any CPU
		{5C20A594-B28B-40C9-851A-A59447AEF704}.ReleaseNET40_Only|Any CPU.ActiveCfg = Release|Any CPU
		{5C20A594-B28B-40C9-851A-A59447AEF704}.ReleaseNET40_Only|Any CPU.Build.0 = Release|Any CPU
		{5C20A594-B28B-40C9-851A-A59447AEF704}.ReleaseNET40_Only|x86.ActiveCfg = Release|Any CPU
		{5C20A594-B28B-40C9-851A-A59447AEF704}.ReleaseNET40_Only|x86.Build.0 = Release|Any CPU
		{E9DF5ED1-4CBD-4226-B931-9A51610AC14D}.Debug|Any CPU.ActiveCfg = Debug|Any CPU
		{E9DF5ED1-4CBD-4226-B931-9A51610AC14D}.Debug|Any CPU.Build.0 = Debug|Any CPU
		{E9DF5ED1-4CBD-4226-B931-9A51610AC14D}.Debug|x86.ActiveCfg = Debug|Any CPU
		{E9DF5ED1-4CBD-4226-B931-9A51610AC14D}.Debug|x86.Build.0 = Debug|Any CPU
		{E9DF5ED1-4CBD-4226-B931-9A51610AC14D}.Release|Any CPU.ActiveCfg = Release|Any CPU
		{E9DF5ED1-4CBD-4226-B931-9A51610AC14D}.Release|Any CPU.Build.0 = Release|Any CPU
		{E9DF5ED1-4CBD-4226-B931-9A51610AC14D}.Release|x86.ActiveCfg = Release|Any CPU
		{E9DF5ED1-4CBD-4226-B931-9A51610AC14D}.Release|x86.Build.0 = Release|Any CPU
		{E9DF5ED1-4CBD-4226-B931-9A51610AC14D}.ReleaseNET40_Only|Any CPU.ActiveCfg = Release|Any CPU
		{E9DF5ED1-4CBD-4226-B931-9A51610AC14D}.ReleaseNET40_Only|Any CPU.Build.0 = Release|Any CPU
		{E9DF5ED1-4CBD-4226-B931-9A51610AC14D}.ReleaseNET40_Only|x86.ActiveCfg = Release|Any CPU
		{E9DF5ED1-4CBD-4226-B931-9A51610AC14D}.ReleaseNET40_Only|x86.Build.0 = Release|Any CPU
		{616D8FC2-9804-4E1F-AD62-A4357143550E}.Debug|Any CPU.ActiveCfg = Debug|Any CPU
		{616D8FC2-9804-4E1F-AD62-A4357143550E}.Debug|Any CPU.Build.0 = Debug|Any CPU
		{616D8FC2-9804-4E1F-AD62-A4357143550E}.Debug|x86.ActiveCfg = Debug|Any CPU
		{616D8FC2-9804-4E1F-AD62-A4357143550E}.Debug|x86.Build.0 = Debug|Any CPU
		{616D8FC2-9804-4E1F-AD62-A4357143550E}.Release|Any CPU.ActiveCfg = Debug|Any CPU
		{616D8FC2-9804-4E1F-AD62-A4357143550E}.Release|Any CPU.Build.0 = Debug|Any CPU
		{616D8FC2-9804-4E1F-AD62-A4357143550E}.Release|x86.ActiveCfg = Debug|Any CPU
		{616D8FC2-9804-4E1F-AD62-A4357143550E}.Release|x86.Build.0 = Debug|Any CPU
		{616D8FC2-9804-4E1F-AD62-A4357143550E}.ReleaseNET40_Only|Any CPU.ActiveCfg = Debug|Any CPU
		{616D8FC2-9804-4E1F-AD62-A4357143550E}.ReleaseNET40_Only|Any CPU.Build.0 = Debug|Any CPU
		{616D8FC2-9804-4E1F-AD62-A4357143550E}.ReleaseNET40_Only|x86.ActiveCfg = Debug|Any CPU
		{616D8FC2-9804-4E1F-AD62-A4357143550E}.ReleaseNET40_Only|x86.Build.0 = Debug|Any CPU
		{B82B6978-6FED-4232-A6DA-4C49CED2D739}.Debug|Any CPU.ActiveCfg = Debug|Any CPU
		{B82B6978-6FED-4232-A6DA-4C49CED2D739}.Debug|Any CPU.Build.0 = Debug|Any CPU
		{B82B6978-6FED-4232-A6DA-4C49CED2D739}.Debug|x86.ActiveCfg = Debug|Any CPU
		{B82B6978-6FED-4232-A6DA-4C49CED2D739}.Debug|x86.Build.0 = Debug|Any CPU
		{B82B6978-6FED-4232-A6DA-4C49CED2D739}.Release|Any CPU.ActiveCfg = Release|Any CPU
		{B82B6978-6FED-4232-A6DA-4C49CED2D739}.Release|Any CPU.Build.0 = Release|Any CPU
		{B82B6978-6FED-4232-A6DA-4C49CED2D739}.Release|x86.ActiveCfg = Release|Any CPU
		{B82B6978-6FED-4232-A6DA-4C49CED2D739}.Release|x86.Build.0 = Release|Any CPU
		{B82B6978-6FED-4232-A6DA-4C49CED2D739}.ReleaseNET40_Only|Any CPU.ActiveCfg = Release|Any CPU
		{B82B6978-6FED-4232-A6DA-4C49CED2D739}.ReleaseNET40_Only|Any CPU.Build.0 = Release|Any CPU
		{B82B6978-6FED-4232-A6DA-4C49CED2D739}.ReleaseNET40_Only|x86.ActiveCfg = Release|Any CPU
		{B82B6978-6FED-4232-A6DA-4C49CED2D739}.ReleaseNET40_Only|x86.Build.0 = Release|Any CPU
		{FA9CFABE-7B4F-4F9A-B274-E6BBB60C850B}.Debug|Any CPU.ActiveCfg = Debug|Any CPU
		{FA9CFABE-7B4F-4F9A-B274-E6BBB60C850B}.Debug|Any CPU.Build.0 = Debug|Any CPU
		{FA9CFABE-7B4F-4F9A-B274-E6BBB60C850B}.Debug|x86.ActiveCfg = Debug|Any CPU
		{FA9CFABE-7B4F-4F9A-B274-E6BBB60C850B}.Debug|x86.Build.0 = Debug|Any CPU
		{FA9CFABE-7B4F-4F9A-B274-E6BBB60C850B}.Release|Any CPU.ActiveCfg = Release|Any CPU
		{FA9CFABE-7B4F-4F9A-B274-E6BBB60C850B}.Release|Any CPU.Build.0 = Release|Any CPU
		{FA9CFABE-7B4F-4F9A-B274-E6BBB60C850B}.Release|x86.ActiveCfg = Release|Any CPU
		{FA9CFABE-7B4F-4F9A-B274-E6BBB60C850B}.Release|x86.Build.0 = Release|Any CPU
		{FA9CFABE-7B4F-4F9A-B274-E6BBB60C850B}.ReleaseNET40_Only|Any CPU.ActiveCfg = Release|Any CPU
		{FA9CFABE-7B4F-4F9A-B274-E6BBB60C850B}.ReleaseNET40_Only|Any CPU.Build.0 = Release|Any CPU
		{FA9CFABE-7B4F-4F9A-B274-E6BBB60C850B}.ReleaseNET40_Only|x86.ActiveCfg = Release|Any CPU
		{FA9CFABE-7B4F-4F9A-B274-E6BBB60C850B}.ReleaseNET40_Only|x86.Build.0 = Release|Any CPU
		{9EDA7A91-792D-48B1-A518-3DF101AB3FE9}.Debug|Any CPU.ActiveCfg = Debug|Any CPU
		{9EDA7A91-792D-48B1-A518-3DF101AB3FE9}.Debug|Any CPU.Build.0 = Debug|Any CPU
		{9EDA7A91-792D-48B1-A518-3DF101AB3FE9}.Debug|x86.ActiveCfg = Debug|Any CPU
		{9EDA7A91-792D-48B1-A518-3DF101AB3FE9}.Debug|x86.Build.0 = Debug|Any CPU
		{9EDA7A91-792D-48B1-A518-3DF101AB3FE9}.Release|Any CPU.ActiveCfg = Release|Any CPU
		{9EDA7A91-792D-48B1-A518-3DF101AB3FE9}.Release|Any CPU.Build.0 = Release|Any CPU
		{9EDA7A91-792D-48B1-A518-3DF101AB3FE9}.Release|x86.ActiveCfg = Release|Any CPU
		{9EDA7A91-792D-48B1-A518-3DF101AB3FE9}.Release|x86.Build.0 = Release|Any CPU
		{9EDA7A91-792D-48B1-A518-3DF101AB3FE9}.ReleaseNET40_Only|Any CPU.ActiveCfg = Release|Any CPU
		{9EDA7A91-792D-48B1-A518-3DF101AB3FE9}.ReleaseNET40_Only|Any CPU.Build.0 = Release|Any CPU
		{9EDA7A91-792D-48B1-A518-3DF101AB3FE9}.ReleaseNET40_Only|x86.ActiveCfg = Release|Any CPU
		{9EDA7A91-792D-48B1-A518-3DF101AB3FE9}.ReleaseNET40_Only|x86.Build.0 = Release|Any CPU
		{54EE4617-7585-4612-BF97-C59A5774B038}.Debug|Any CPU.ActiveCfg = Debug|Any CPU
		{54EE4617-7585-4612-BF97-C59A5774B038}.Debug|Any CPU.Build.0 = Debug|Any CPU
		{54EE4617-7585-4612-BF97-C59A5774B038}.Debug|x86.ActiveCfg = Debug|Any CPU
		{54EE4617-7585-4612-BF97-C59A5774B038}.Debug|x86.Build.0 = Debug|Any CPU
		{54EE4617-7585-4612-BF97-C59A5774B038}.Release|Any CPU.ActiveCfg = Release|Any CPU
		{54EE4617-7585-4612-BF97-C59A5774B038}.Release|Any CPU.Build.0 = Release|Any CPU
		{54EE4617-7585-4612-BF97-C59A5774B038}.Release|x86.ActiveCfg = Release|Any CPU
		{54EE4617-7585-4612-BF97-C59A5774B038}.Release|x86.Build.0 = Release|Any CPU
		{54EE4617-7585-4612-BF97-C59A5774B038}.ReleaseNET40_Only|Any CPU.ActiveCfg = Release|Any CPU
		{54EE4617-7585-4612-BF97-C59A5774B038}.ReleaseNET40_Only|Any CPU.Build.0 = Release|Any CPU
		{54EE4617-7585-4612-BF97-C59A5774B038}.ReleaseNET40_Only|x86.ActiveCfg = Release|Any CPU
		{54EE4617-7585-4612-BF97-C59A5774B038}.ReleaseNET40_Only|x86.Build.0 = Release|Any CPU
		{D180E566-E98B-412B-BD2E-C16823B2A9FB}.Debug|Any CPU.ActiveCfg = Debug|Any CPU
		{D180E566-E98B-412B-BD2E-C16823B2A9FB}.Debug|Any CPU.Build.0 = Debug|Any CPU
		{D180E566-E98B-412B-BD2E-C16823B2A9FB}.Debug|x86.ActiveCfg = Debug|Any CPU
		{D180E566-E98B-412B-BD2E-C16823B2A9FB}.Debug|x86.Build.0 = Debug|Any CPU
		{D180E566-E98B-412B-BD2E-C16823B2A9FB}.Release|Any CPU.ActiveCfg = Release|Any CPU
		{D180E566-E98B-412B-BD2E-C16823B2A9FB}.Release|Any CPU.Build.0 = Release|Any CPU
		{D180E566-E98B-412B-BD2E-C16823B2A9FB}.Release|x86.ActiveCfg = Release|Any CPU
		{D180E566-E98B-412B-BD2E-C16823B2A9FB}.Release|x86.Build.0 = Release|Any CPU
		{D180E566-E98B-412B-BD2E-C16823B2A9FB}.ReleaseNET40_Only|Any CPU.ActiveCfg = Release|Any CPU
		{D180E566-E98B-412B-BD2E-C16823B2A9FB}.ReleaseNET40_Only|Any CPU.Build.0 = Release|Any CPU
		{D180E566-E98B-412B-BD2E-C16823B2A9FB}.ReleaseNET40_Only|x86.ActiveCfg = Release|Any CPU
		{D180E566-E98B-412B-BD2E-C16823B2A9FB}.ReleaseNET40_Only|x86.Build.0 = Release|Any CPU
		{370493D6-D873-4E74-924C-2546116642DA}.Debug|Any CPU.ActiveCfg = Debug|Any CPU
		{370493D6-D873-4E74-924C-2546116642DA}.Debug|Any CPU.Build.0 = Debug|Any CPU
		{370493D6-D873-4E74-924C-2546116642DA}.Debug|x86.ActiveCfg = Debug|Any CPU
		{370493D6-D873-4E74-924C-2546116642DA}.Debug|x86.Build.0 = Debug|Any CPU
		{370493D6-D873-4E74-924C-2546116642DA}.Release|Any CPU.ActiveCfg = Release|Any CPU
		{370493D6-D873-4E74-924C-2546116642DA}.Release|Any CPU.Build.0 = Release|Any CPU
		{370493D6-D873-4E74-924C-2546116642DA}.Release|x86.ActiveCfg = Release|Any CPU
		{370493D6-D873-4E74-924C-2546116642DA}.Release|x86.Build.0 = Release|Any CPU
		{370493D6-D873-4E74-924C-2546116642DA}.ReleaseNET40_Only|Any CPU.ActiveCfg = Release|Any CPU
		{370493D6-D873-4E74-924C-2546116642DA}.ReleaseNET40_Only|Any CPU.Build.0 = Release|Any CPU
		{370493D6-D873-4E74-924C-2546116642DA}.ReleaseNET40_Only|x86.ActiveCfg = Release|Any CPU
		{370493D6-D873-4E74-924C-2546116642DA}.ReleaseNET40_Only|x86.Build.0 = Release|Any CPU
		{29B8E61F-4F92-400A-B6D0-3796D6E8377B}.Debug|Any CPU.ActiveCfg = Debug|Any CPU
		{29B8E61F-4F92-400A-B6D0-3796D6E8377B}.Debug|Any CPU.Build.0 = Debug|Any CPU
		{29B8E61F-4F92-400A-B6D0-3796D6E8377B}.Debug|x86.ActiveCfg = Debug|Any CPU
		{29B8E61F-4F92-400A-B6D0-3796D6E8377B}.Debug|x86.Build.0 = Debug|Any CPU
		{29B8E61F-4F92-400A-B6D0-3796D6E8377B}.Release|Any CPU.ActiveCfg = Release|Any CPU
		{29B8E61F-4F92-400A-B6D0-3796D6E8377B}.Release|Any CPU.Build.0 = Release|Any CPU
		{29B8E61F-4F92-400A-B6D0-3796D6E8377B}.Release|x86.ActiveCfg = Release|Any CPU
		{29B8E61F-4F92-400A-B6D0-3796D6E8377B}.Release|x86.Build.0 = Release|Any CPU
		{29B8E61F-4F92-400A-B6D0-3796D6E8377B}.ReleaseNET40_Only|Any CPU.ActiveCfg = Release|Any CPU
		{29B8E61F-4F92-400A-B6D0-3796D6E8377B}.ReleaseNET40_Only|Any CPU.Build.0 = Release|Any CPU
		{29B8E61F-4F92-400A-B6D0-3796D6E8377B}.ReleaseNET40_Only|x86.ActiveCfg = Release|Any CPU
		{29B8E61F-4F92-400A-B6D0-3796D6E8377B}.ReleaseNET40_Only|x86.Build.0 = Release|Any CPU
	EndGlobalSection
	GlobalSection(SolutionProperties) = preSolution
		HideSolutionNode = FALSE
	EndGlobalSection
	GlobalSection(NestedProjects) = preSolution
		{780FCFD2-9949-4344-AB0D-DA559D56CEA3} = {190CD42F-9A2F-4C87-A93B-3C742ED1922F}
		{FC886F88-03FA-417B-AC44-210C914ABC15} = {190CD42F-9A2F-4C87-A93B-3C742ED1922F}
		{2F1573EF-2059-42FB-A0FF-531DB4658488} = {190CD42F-9A2F-4C87-A93B-3C742ED1922F}
		{97C3DE98-F304-48A2-A48B-50927D994D46} = {190CD42F-9A2F-4C87-A93B-3C742ED1922F}
		{5C20A594-B28B-40C9-851A-A59447AEF704} = {190CD42F-9A2F-4C87-A93B-3C742ED1922F}
		{E9DF5ED1-4CBD-4226-B931-9A51610AC14D} = {190CD42F-9A2F-4C87-A93B-3C742ED1922F}
		{B82B6978-6FED-4232-A6DA-4C49CED2D739} = {190CD42F-9A2F-4C87-A93B-3C742ED1922F}
		{FA9CFABE-7B4F-4F9A-B274-E6BBB60C850B} = {190CD42F-9A2F-4C87-A93B-3C742ED1922F}
		{9EDA7A91-792D-48B1-A518-3DF101AB3FE9} = {190CD42F-9A2F-4C87-A93B-3C742ED1922F}
		{54EE4617-7585-4612-BF97-C59A5774B038} = {190CD42F-9A2F-4C87-A93B-3C742ED1922F}
		{D180E566-E98B-412B-BD2E-C16823B2A9FB} = {190CD42F-9A2F-4C87-A93B-3C742ED1922F}
		{370493D6-D873-4E74-924C-2546116642DA} = {190CD42F-9A2F-4C87-A93B-3C742ED1922F}
		{29B8E61F-4F92-400A-B6D0-3796D6E8377B} = {190CD42F-9A2F-4C87-A93B-3C742ED1922F}
	EndGlobalSection
	GlobalSection(Performance) = preSolution
		HasPerformanceSessions = true
	EndGlobalSection
EndGlobal
